
Microsoft Visual Studio Solution File, Format Version 12.00
# Visual Studio Version 17
VisualStudioVersion = 17.2.32630.192
MinimumVisualStudioVersion = 10.0.40219.1
Project("{2150E333-8FDC-42A3-9474-1A3956D46DE8}") = "Solution Items", "Solution Items", "{97D97ECA-B93B-4C51-B0C3-F6D435523736}"
EndProject
Project("{FAE04EC0-301F-11D3-BF4B-00C04F79EFBC}") = "MaxFactry.Provider.SQLiteProvider-NF-2.0", "MaxFactry.Provider.SQLiteProvider-NF-2.0\MaxFactry.Provider.SQLiteProvider-NF-2.0.csproj", "{2F1FF2AE-15DA-4942-918A-BE566A462EF1}"
EndProject
Project("{FAE04EC0-301F-11D3-BF4B-00C04F79EFBC}") = "MaxFactry.Provider.SQLiteProvider-NF-4.5.2", "MaxFactry.Provider.SQLiteProvider-NF-4.5.2\MaxFactry.Provider.SQLiteProvider-NF-4.5.2.csproj", "{57C5529F-A3E7-496B-8C09-DDB5FAA9D157}"
EndProject
Project("{2150E333-8FDC-42A3-9474-1A3956D46DE8}") = "NuGet", "NuGet", "{4E76EE3C-8B20-4F55-9823-5901EDB77848}"
	ProjectSection(SolutionItems) = preProject
		.nuget\package.bat = .nuget\package.bat
		.nuget\MaxFactry.Provider.SQLite.nuspec = .nuget\MaxFactry.Provider.SQLite.nuspec
		.nuget\readme.md = .nuget\readme.md
	EndProjectSection
EndProject
Global
	GlobalSection(SolutionConfigurationPlatforms) = preSolution
		Debug|Any CPU = Debug|Any CPU
		Release|Any CPU = Release|Any CPU
	EndGlobalSection
	GlobalSection(ProjectConfigurationPlatforms) = postSolution
		{2F1FF2AE-15DA-4942-918A-BE566A462EF1}.Debug|Any CPU.ActiveCfg = Debug|Any CPU
		{2F1FF2AE-15DA-4942-918A-BE566A462EF1}.Debug|Any CPU.Build.0 = Debug|Any CPU
		{2F1FF2AE-15DA-4942-918A-BE566A462EF1}.Release|Any CPU.ActiveCfg = Release|Any CPU
		{2F1FF2AE-15DA-4942-918A-BE566A462EF1}.Release|Any CPU.Build.0 = Release|Any CPU
		{57C5529F-A3E7-496B-8C09-DDB5FAA9D157}.Debug|Any CPU.ActiveCfg = Debug|Any CPU
		{57C5529F-A3E7-496B-8C09-DDB5FAA9D157}.Debug|Any CPU.Build.0 = Debug|Any CPU
		{57C5529F-A3E7-496B-8C09-DDB5FAA9D157}.Release|Any CPU.ActiveCfg = Release|Any CPU
		{57C5529F-A3E7-496B-8C09-DDB5FAA9D157}.Release|Any CPU.Build.0 = Release|Any CPU
	EndGlobalSection
	GlobalSection(SolutionProperties) = preSolution
		HideSolutionNode = FALSE
	EndGlobalSection
	GlobalSection(ExtensibilityGlobals) = postSolution
		SolutionGuid = {7B9CCA1E-706C-4801-B3C5-A85275A47D78}
	EndGlobalSection
EndGlobal
